{
  "name": "fini",
  "version": "1.0.0",
  "lockfileVersion": 2,
  "requires": true,
  "packages": {
    "": {
      "version": "1.0.0",
      "license": "Apache-2.0",
      "dependencies": {
        "esrever": "^0.2.0",
        "js-ini": "^1.5.1"
      }
    },
    "node_modules/esrever": {
      "version": "0.2.0",
      "resolved": "https://registry.npmjs.org/esrever/-/esrever-0.2.0.tgz",
      "integrity": "sha1-lunSj08bGnZ4TNXUkOquAQ50B7g=",
      "bin": {
        "esrever": "bin/esrever"
      }
    },
    "node_modules/js-ini": {
      "version": "1.5.1",
      "resolved": "https://registry.npmjs.org/js-ini/-/js-ini-1.5.1.tgz",
      "integrity": "sha512-jvSZb1TcYFOPZIB+HHNBu5xKUF/87iOX+EBQxN5obUfEMtBE4k/z73v3LLVSVtv3PtBAh34bTNBt/KGtFZ5EaQ=="
    }
  },
  "dependencies": {
    "esrever": {
      "version": "0.2.0",
      "resolved": "https://registry.npmjs.org/esrever/-/esrever-0.2.0.tgz",
      "integrity": "sha1-lunSj08bGnZ4TNXUkOquAQ50B7g="
    },
    "js-ini": {
      "version": "1.5.1",
      "resolved": "https://registry.npmjs.org/js-ini/-/js-ini-1.5.1.tgz",
      "integrity": "sha512-jvSZb1TcYFOPZIB+HHNBu5xKUF/87iOX+EBQxN5obUfEMtBE4k/z73v3LLVSVtv3PtBAh34bTNBt/KGtFZ5EaQ=="
    }
  }
}
