{
  "name": "fini",
  "version": "1.0.0",
  "lockfileVersion": 2,
  "requires": true,
  "packages": {
    "": {
      "name": "fini",
      "version": "1.0.0",
      "license": "Apache-2.0",
      "dependencies": {
        "esrever": "^0.2.0",
        "i18n-iso-countries": "^7.3.0",
        "js-ini": "^1.5.1"
      }
    },
    "node_modules/diacritics": {
      "version": "1.3.0",
      "resolved": "https://registry.npmjs.org/diacritics/-/diacritics-1.3.0.tgz",
      "integrity": "sha1-PvqHMj67hj5mls67AILUj/PW96E="
    },
    "node_modules/esrever": {
      "version": "0.2.0",
      "resolved": "https://registry.npmjs.org/esrever/-/esrever-0.2.0.tgz",
      "integrity": "sha1-lunSj08bGnZ4TNXUkOquAQ50B7g=",
      "bin": {
        "esrever": "bin/esrever"
      }
    },
    "node_modules/i18n-iso-countries": {
      "version": "7.3.0",
      "resolved": "https://registry.npmjs.org/i18n-iso-countries/-/i18n-iso-countries-7.3.0.tgz",
      "integrity": "sha512-z7vFa/wSDx3lpxQZNr/+ZioUQNTYqk1NZoP6vxjukr554r/QxpSRkYFfE3ovKKW82GpyAw4/c6Zi+2Ebr4T0fA==",
      "dependencies": {
        "diacritics": "1.3.0"
      },
      "engines": {
        "node": ">= 12"
      }
    },
    "node_modules/js-ini": {
      "version": "1.5.1",
      "resolved": "https://registry.npmjs.org/js-ini/-/js-ini-1.5.1.tgz",
      "integrity": "sha512-jvSZb1TcYFOPZIB+HHNBu5xKUF/87iOX+EBQxN5obUfEMtBE4k/z73v3LLVSVtv3PtBAh34bTNBt/KGtFZ5EaQ=="
    }
  },
  "dependencies": {
    "diacritics": {
      "version": "1.3.0",
      "resolved": "https://registry.npmjs.org/diacritics/-/diacritics-1.3.0.tgz",
      "integrity": "sha1-PvqHMj67hj5mls67AILUj/PW96E="
    },
    "esrever": {
      "version": "0.2.0",
      "resolved": "https://registry.npmjs.org/esrever/-/esrever-0.2.0.tgz",
      "integrity": "sha1-lunSj08bGnZ4TNXUkOquAQ50B7g="
    },
    "i18n-iso-countries": {
      "version": "7.3.0",
      "resolved": "https://registry.npmjs.org/i18n-iso-countries/-/i18n-iso-countries-7.3.0.tgz",
      "integrity": "sha512-z7vFa/wSDx3lpxQZNr/+ZioUQNTYqk1NZoP6vxjukr554r/QxpSRkYFfE3ovKKW82GpyAw4/c6Zi+2Ebr4T0fA==",
      "requires": {
        "diacritics": "1.3.0"
      }
    },
    "js-ini": {
      "version": "1.5.1",
      "resolved": "https://registry.npmjs.org/js-ini/-/js-ini-1.5.1.tgz",
      "integrity": "sha512-jvSZb1TcYFOPZIB+HHNBu5xKUF/87iOX+EBQxN5obUfEMtBE4k/z73v3LLVSVtv3PtBAh34bTNBt/KGtFZ5EaQ=="
    }
  }
}
